
Microsoft Visual Studio Solution File, Format Version 12.00
# Visual Studio Version 17
VisualStudioVersion = 17.5.33516.290
MinimumVisualStudioVersion = 10.0.40219.1
Project("{FAE04EC0-301F-11D3-BF4B-00C04F79EFBC}") = "StudyAuthApp.WebApi", "StudyAuthApp.WebApi\StudyAuthApp.WebApi.csproj", "{1D12B34C-9039-4730-BE52-EF29B3DA0108}"
EndProject
Global
	GlobalSection(SolutionConfigurationPlatforms) = preSolution
		Debug|Any CPU = Debug|Any CPU
		Release|Any CPU = Release|Any CPU
	EndGlobalSection
	GlobalSection(ProjectConfigurationPlatforms) = postSolution
		{1D12B34C-9039-4730-BE52-EF29B3DA0108}.Debug|Any CPU.ActiveCfg = Debug|Any CPU
		{1D12B34C-9039-4730-BE52-EF29B3DA0108}.Debug|Any CPU.Build.0 = Debug|Any CPU
		{1D12B34C-9039-4730-BE52-EF29B3DA0108}.Release|Any CPU.ActiveCfg = Release|Any CPU
		{1D12B34C-9039-4730-BE52-EF29B3DA0108}.Release|Any CPU.Build.0 = Release|Any CPU
	EndGlobalSection
	GlobalSection(SolutionProperties) = preSolution
		HideSolutionNode = FALSE
	EndGlobalSection
	GlobalSection(ExtensibilityGlobals) = postSolution
		SolutionGuid = {02A0327A-050F-43FA-B96A-2AA0BDE5136C}
	EndGlobalSection
EndGlobal
